// !$*UTF8*$!
{
	archiveVersion = 1;
	classes = {
	};
	objectVersion = 46;
	objects = {

/* Begin PBXBuildFile section */
		CE74D4831E8839A7006F6D84 /* AppDelegate.swift in Sources */ = {isa = PBXBuildFile; fileRef = CE74D4821E8839A7006F6D84 /* AppDelegate.swift */; };
		CE74D4861E8839A7006F6D84 /* Blog_Reader.xcdatamodeld in Sources */ = {isa = PBXBuildFile; fileRef = CE74D4841E8839A7006F6D84 /* Blog_Reader.xcdatamodeld */; };
		CE74D4881E8839A7006F6D84 /* MasterViewController.swift in Sources */ = {isa = PBXBuildFile; fileRef = CE74D4871E8839A7006F6D84 /* MasterViewController.swift */; };
		CE74D48A1E8839A7006F6D84 /* DetailViewController.swift in Sources */ = {isa = PBXBuildFile; fileRef = CE74D4891E8839A7006F6D84 /* DetailViewController.swift */; };
		CE74D48D1E8839A7006F6D84 /* Main.storyboard in Resources */ = {isa = PBXBuildFile; fileRef = CE74D48B1E8839A7006F6D84 /* Main.storyboard */; };
		CE74D48F1E8839A7006F6D84 /* Assets.xcassets in Resources */ = {isa = PBXBuildFile; fileRef = CE74D48E1E8839A7006F6D84 /* Assets.xcassets */; };
		CE74D4921E8839A7006F6D84 /* LaunchScreen.storyboard in Resources */ = {isa = PBXBuildFile; fileRef = CE74D4901E8839A7006F6D84 /* LaunchScreen.storyboard */; };
/* End PBXBuildFile section */

/* Begin PBXFileReference section */
		CE74D47F1E8839A7006F6D84 /* Blog Reader.app */ = {isa = PBXFileReference; explicitFileType = wrapper.application; includeInIndex = 0; path = "Blog Reader.app"; sourceTree = BUILT_PRODUCTS_DIR; };
		CE74D4821E8839A7006F6D84 /* AppDelegate.swift */ = {isa = PBXFileReference; lastKnownFileType = sourcecode.swift; path = AppDelegate.swift; sourceTree = "<group>"; };
		CE74D4851E8839A7006F6D84 /* Blog_Reader.xcdatamodel */ = {isa = PBXFileReference; lastKnownFileType = wrapper.xcdatamodel; path = Blog_Reader.xcdatamodel; sourceTree = "<group>"; };
		CE74D4871E8839A7006F6D84 /* MasterViewController.swift */ = {isa = PBXFileReference; lastKnownFileType = sourcecode.swift; path = MasterViewController.swift; sourceTree = "<group>"; };
		CE74D4891E8839A7006F6D84 /* DetailViewController.swift */ = {isa = PBXFileReference; lastKnownFileType = sourcecode.swift; path = DetailViewController.swift; sourceTree = "<group>"; };
		CE74D48C1E8839A7006F6D84 /* Base */ = {isa = PBXFileReference; lastKnownFileType = file.storyboard; name = Base; path = Base.lproj/Main.storyboard; sourceTree = "<group>"; };
		CE74D48E1E8839A7006F6D84 /* Assets.xcassets */ = {isa = PBXFileReference; lastKnownFileType = folder.assetcatalog; path = Assets.xcassets; sourceTree = "<group>"; };
		CE74D4911E8839A7006F6D84 /* Base */ = {isa = PBXFileReference; lastKnownFileType = file.storyboard; name = Base; path = Base.lproj/LaunchScreen.storyboard; sourceTree = "<group>"; };
		CE74D4931E8839A7006F6D84 /* Info.plist */ = {isa = PBXFileReference; lastKnownFileType = text.plist.xml; path = Info.plist; sourceTree = "<group>"; };
/* End PBXFileReference section */

/* Begin PBXFrameworksBuildPhase section */
		CE74D47C1E8839A7006F6D84 /* Frameworks */ = {
			isa = PBXFrameworksBuildPhase;
			buildActionMask = 2147483647;
			files = (
			);
			runOnlyForDeploymentPostprocessing = 0;
		};
/* End PBXFrameworksBuildPhase section */

/* Begin PBXGroup section */
		CE74D4761E8839A7006F6D84 = {
			isa = PBXGroup;
			children = (
				CE74D4811E8839A7006F6D84 /* Blog Reader */,
				CE74D4801E8839A7006F6D84 /* Products */,
			);
			sourceTree = "<group>";
		};
		CE74D4801E8839A7006F6D84 /* Products */ = {
			isa = PBXGroup;
			children = (
				CE74D47F1E8839A7006F6D84 /* Blog Reader.app */,
			);
			name = Products;
			sourceTree = "<group>";
		};
		CE74D4811E8839A7006F6D84 /* Blog Reader */ = {
			isa = PBXGroup;
			children = (
				CE74D4821E8839A7006F6D84 /* AppDelegate.swift */,
				CE74D4871E8839A7006F6D84 /* MasterViewController.swift */,
				CE74D4891E8839A7006F6D84 /* DetailViewController.swift */,
				CE74D48B1E8839A7006F6D84 /* Main.storyboard */,
				CE74D48E1E8839A7006F6D84 /* Assets.xcassets */,
				CE74D4901E8839A7006F6D84 /* LaunchScreen.storyboard */,
				CE74D4931E8839A7006F6D84 /* Info.plist */,
				CE74D4841E8839A7006F6D84 /* Blog_Reader.xcdatamodeld */,
			);
			path = "Blog Reader";
			sourceTree = "<group>";
		};
/* End PBXGroup section */

/* Begin PBXNativeTarget section */
		CE74D47E1E8839A7006F6D84 /* Blog Reader */ = {
			isa = PBXNativeTarget;
			buildConfigurationList = CE74D4961E8839A7006F6D84 /* Build configuration list for PBXNativeTarget "Blog Reader" */;
			buildPhases = (
				CE74D47B1E8839A7006F6D84 /* Sources */,
				CE74D47C1E8839A7006F6D84 /* Frameworks */,
				CE74D47D1E8839A7006F6D84 /* Resources */,
			);
			buildRules = (
			);
			dependencies = (
			);
			name = "Blog Reader";
			productName = "Blog Reader";
			productReference = CE74D47F1E8839A7006F6D84 /* Blog Reader.app */;
			productType = "com.apple.product-type.application";
		};
/* End PBXNativeTarget section */

/* Begin PBXProject section */
		CE74D4771E8839A7006F6D84 /* Project object */ = {
			isa = PBXProject;
			attributes = {
				LastSwiftUpdateCheck = 0820;
				LastUpgradeCheck = 0820;
				ORGANIZATIONNAME = TheSitePass;
				TargetAttributes = {
					CE74D47E1E8839A7006F6D84 = {
						CreatedOnToolsVersion = 8.2.1;
						DevelopmentTeam = 2L8KW7JVKW;
						ProvisioningStyle = Automatic;
					};
				};
			};
			buildConfigurationList = CE74D47A1E8839A7006F6D84 /* Build configuration list for PBXProject "Blog Reader" */;
			compatibilityVersion = "Xcode 3.2";
			developmentRegion = English;
			hasScannedForEncodings = 0;
			knownRegions = (
				en,
				Base,
			);
			mainGroup = CE74D4761E8839A7006F6D84;
			productRefGroup = CE74D4801E8839A7006F6D84 /* Products */;
			projectDirPath = "";
			projectRoot = "";
			targets = (
				CE74D47E1E8839A7006F6D84 /* Blog Reader */,
			);
		};
/* End PBXProject section */

/* Begin PBXResourcesBuildPhase section */
		CE74D47D1E8839A7006F6D84 /* Resources */ = {
			isa = PBXResourcesBuildPhase;
			buildActionMask = 2147483647;
			files = (
				CE74D4921E8839A7006F6D84 /* LaunchScreen.storyboard in Resources */,
				CE74D48F1E8839A7006F6D84 /* Assets.xcassets in Resources */,
				CE74D48D1E8839A7006F6D84 /* Main.storyboard in Resources */,
			);
			runOnlyForDeploymentPostprocessing = 0;
		};
/* End PBXResourcesBuildPhase section */

/* Begin PBXSourcesBuildPhase section */
		CE74D47B1E8839A7006F6D84 /* Sources */ = {
			isa = PBXSourcesBuildPhase;
			buildActionMask = 2147483647;
			files = (
				CE74D4861E8839A7006F6D84 /* Blog_Reader.xcdatamodeld in Sources */,
				CE74D4831E8839A7006F6D84 /* AppDelegate.swift in Sources */,
				CE74D4881E8839A7006F6D84 /* MasterViewController.swift in Sources */,
				CE74D48A1E8839A7006F6D84 /* DetailViewController.swift in Sources */,
			);
			runOnlyForDeploymentPostprocessing = 0;
		};
/* End PBXSourcesBuildPhase section */

/* Begin PBXVariantGroup section */
		CE74D48B1E8839A7006F6D84 /* Main.storyboard */ = {
			isa = PBXVariantGroup;
			children = (
				CE74D48C1E8839A7006F6D84 /* Base */,
			);
			name = Main.storyboard;
			sourceTree = "<group>";
		};
		CE74D4901E8839A7006F6D84 /* LaunchScreen.storyboard */ = {
			isa = PBXVariantGroup;
			children = (
				CE74D4911E8839A7006F6D84 /* Base */,
			);
			name = LaunchScreen.storyboard;
			sourceTree = "<group>";
		};
/* End PBXVariantGroup section */

/* Begin XCBuildConfiguration section */
		CE74D4941E8839A7006F6D84 /* Debug */ = {
			isa = XCBuildConfiguration;
			buildSettings = {
				ALWAYS_SEARCH_USER_PATHS = NO;
				CLANG_ANALYZER_NONNULL = YES;
				CLANG_CXX_LANGUAGE_STANDARD = "gnu++0x";
				CLANG_CXX_LIBRARY = "libc++";
				CLANG_ENABLE_MODULES = YES;
				CLANG_ENABLE_OBJC_ARC = YES;
				CLANG_WARN_BOOL_CONVERSION = YES;
				CLANG_WARN_CONSTANT_CONVERSION = YES;
				CLANG_WARN_DIRECT_OBJC_ISA_USAGE = YES_ERROR;
				CLANG_WARN_DOCUMENTATION_COMMENTS = YES;
				CLANG_WARN_EMPTY_BODY = YES;
				CLANG_WARN_ENUM_CONVERSION = YES;
				CLANG_WARN_INFINITE_RECURSION = YES;
				CLANG_WARN_INT_CONVERSION = YES;
				CLANG_WARN_OBJC_ROOT_CLASS = YES_ERROR;
				CLANG_WARN_SUSPICIOUS_MOVE = YES;
				CLANG_WARN_UNREACHABLE_CODE = YES;
				CLANG_WARN__DUPLICATE_METHOD_MATCH = YES;
				"CODE_SIGN_IDENTITY[sdk=iphoneos*]" = "iPhone Developer";
				COPY_PHASE_STRIP = NO;
				DEBUG_INFORMATION_FORMAT = dwarf;
				ENABLE_STRICT_OBJC_MSGSEND = YES;
				ENABLE_TESTABILITY = YES;
				GCC_C_LANGUAGE_STANDARD = gnu99;
				GCC_DYNAMIC_NO_PIC = NO;
				GCC_NO_COMMON_BLOCKS = YES;
				GCC_OPTIMIZATION_LEVEL = 0;
				GCC_PREPROCESSOR_DEFINITIONS = (
					"DEBUG=1",
					"$(inherited)",
				);
				GCC_WARN_64_TO_32_BIT_CONVERSION = YES;
				GCC_WARN_ABOUT_RETURN_TYPE = YES_ERROR;
				GCC_WARN_UNDECLARED_SELECTOR = YES;
				GCC_WARN_UNINITIALIZED_AUTOS = YES_AGGRESSIVE;
				GCC_WARN_UNUSED_FUNCTION = YES;
				GCC_WARN_UNUSED_VARIABLE = YES;
				IPHONEOS_DEPLOYMENT_TARGET = 10.2;
				MTL_ENABLE_DEBUG_INFO = YES;
				ONLY_ACTIVE_ARCH = YES;
				SDKROOT = iphoneos;
				SWIFT_ACTIVE_COMPILATION_CONDITIONS = DEBUG;
				SWIFT_OPTIMIZATION_LEVEL = "-Onone";
			};
			name = Debug;
		};
		CE74D4951E8839A7006F6D84 /* Release */ = {
			isa = XCBuildConfiguration;
			buildSettings = {
				ALWAYS_SEARCH_USER_PATHS = NO;
				CLANG_ANALYZER_NONNULL = YES;
				CLANG_CXX_LANGUAGE_STANDARD = "gnu++0x";
				CLANG_CXX_LIBRARY = "libc++";
				CLANG_ENABLE_MODULES = YES;
				CLANG_ENABLE_OBJC_ARC = YES;
				CLANG_WARN_BOOL_CONVERSION = YES;
				CLANG_WARN_CONSTANT_CONVERSION = YES;
				CLANG_WARN_DIRECT_OBJC_ISA_USAGE = YES_ERROR;
				CLANG_WARN_DOCUMENTATION_COMMENTS = YES;
				CLANG_WARN_EMPTY_BODY = YES;
				CLANG_WARN_ENUM_CONVERSION = YES;
				CLANG_WARN_INFINITE_RECURSION = YES;
				CLANG_WARN_INT_CONVERSION = YES;
				CLANG_WARN_OBJC_ROOT_CLASS = YES_ERROR;
				CLANG_WARN_SUSPICIOUS_MOVE = YES;
				CLANG_WARN_UNREACHABLE_CODE = YES;
				CLANG_WARN__DUPLICATE_METHOD_MATCH = YES;
				"CODE_SIGN_IDENTITY[sdk=iphoneos*]" = "iPhone Developer";
				COPY_PHASE_STRIP = NO;
				DEBUG_INFORMATION_FORMAT = "dwarf-with-dsym";
				ENABLE_NS_ASSERTIONS = NO;
				ENABLE_STRICT_OBJC_MSGSEND = YES;
				GCC_C_LANGUAGE_STANDARD = gnu99;
				GCC_NO_COMMON_BLOCKS = YES;
				GCC_WARN_64_TO_32_BIT_CONVERSION = YES;
				GCC_WARN_ABOUT_RETURN_TYPE = YES_ERROR;
				GCC_WARN_UNDECLARED_SELECTOR = YES;
				GCC_WARN_UNINITIALIZED_AUTOS = YES_AGGRESSIVE;
				GCC_WARN_UNUSED_FUNCTION = YES;
				GCC_WARN_UNUSED_VARIABLE = YES;
				IPHONEOS_DEPLOYMENT_TARGET = 10.2;
				MTL_ENABLE_DEBUG_INFO = NO;
				SDKROOT = iphoneos;
				SWIFT_OPTIMIZATION_LEVEL = "-Owholemodule";
				VALIDATE_PRODUCT = YES;
			};
			name = Release;
		};
		CE74D4971E8839A7006F6D84 /* Debug */ = {
			isa = XCBuildConfiguration;
			buildSettings = {
				ASSETCATALOG_COMPILER_APPICON_NAME = AppIcon;
				DEVELOPMENT_TEAM = 2L8KW7JVKW;
				INFOPLIST_FILE = "Blog Reader/Info.plist";
				LD_RUNPATH_SEARCH_PATHS = "$(inherited) @executable_path/Frameworks";
				PRODUCT_BUNDLE_IDENTIFIER = "com.thesitepass.Blog-Reader";
				PRODUCT_NAME = "$(TARGET_NAME)";
				SWIFT_VERSION = 3.0;
			};
			name = Debug;
		};
		CE74D4981E8839A7006F6D84 /* Release */ = {
			isa = XCBuildConfiguration;
			buildSettings = {
				ASSETCATALOG_COMPILER_APPICON_NAME = AppIcon;
				DEVELOPMENT_TEAM = 2L8KW7JVKW;
				INFOPLIST_FILE = "Blog Reader/Info.plist";
				LD_RUNPATH_SEARCH_PATHS = "$(inherited) @executable_path/Frameworks";
				PRODUCT_BUNDLE_IDENTIFIER = "com.thesitepass.Blog-Reader";
				PRODUCT_NAME = "$(TARGET_NAME)";
				SWIFT_VERSION = 3.0;
			};
			name = Release;
		};
/* End XCBuildConfiguration section */

/* Begin XCConfigurationList section */
		CE74D47A1E8839A7006F6D84 /* Build configuration list for PBXProject "Blog Reader" */ = {
			isa = XCConfigurationList;
			buildConfigurations = (
				CE74D4941E8839A7006F6D84 /* Debug */,
				CE74D4951E8839A7006F6D84 /* Release */,
			);
			defaultConfigurationIsVisible = 0;
			defaultConfigurationName = Release;
		};
		CE74D4961E8839A7006F6D84 /* Build configuration list for PBXNativeTarget "Blog Reader" */ = {
			isa = XCConfigurationList;
			buildConfigurations = (
				CE74D4971E8839A7006F6D84 /* Debug */,
				CE74D4981E8839A7006F6D84 /* Release */,
			);
			defaultConfigurationIsVisible = 0;
		};
/* End XCConfigurationList section */

/* Begin XCVersionGroup section */
		CE74D4841E8839A7006F6D84 /* Blog_Reader.xcdatamodeld */ = {
			isa = XCVersionGroup;
			children = (
				CE74D4851E8839A7006F6D84 /* Blog_Reader.xcdatamodel */,
			);
			currentVersion = CE74D4851E8839A7006F6D84 /* Blog_Reader.xcdatamodel */;
			path = Blog_Reader.xcdatamodeld;
			sourceTree = "<group>";
			versionGroupType = wrapper.xcdatamodel;
		};
/* End XCVersionGroup section */
	};
	rootObject = CE74D4771E8839A7006F6D84 /* Project object */;
}
